
Microsoft Visual Studio Solution File, Format Version 12.00
# Visual Studio Version 17
VisualStudioVersion = 17.10.35122.118
MinimumVisualStudioVersion = 10.0.40219.1
Project("{9A19103F-16F7-4668-BE54-9A1E7A4F7556}") = "SchedulingApplication", "SchedulingApplication.csproj", "{419796AD-4F54-4E29-8BB6-C6053A2A8937}"
EndProject
Project("{2150E333-8FDC-42A3-9474-1A3956D46DE8}") = "Solution Items", "Solution Items", "{B2A9F134-ED0C-4990-A681-51964C47CC98}"
	ProjectSection(SolutionItems) = preProject
		Login_History.txt = Login_History.txt
	EndProjectSection
EndProject
Global
	GlobalSection(SolutionConfigurationPlatforms) = preSolution
		Debug|Any CPU = Debug|Any CPU
		Release|Any CPU = Release|Any CPU
	EndGlobalSection
	GlobalSection(ProjectConfigurationPlatforms) = postSolution
		{419796AD-4F54-4E29-8BB6-C6053A2A8937}.Debug|Any CPU.ActiveCfg = Debug|Any CPU
		{419796AD-4F54-4E29-8BB6-C6053A2A8937}.Debug|Any CPU.Build.0 = Debug|Any CPU
		{419796AD-4F54-4E29-8BB6-C6053A2A8937}.Release|Any CPU.ActiveCfg = Release|Any CPU
		{419796AD-4F54-4E29-8BB6-C6053A2A8937}.Release|Any CPU.Build.0 = Release|Any CPU
	EndGlobalSection
	GlobalSection(SolutionProperties) = preSolution
		HideSolutionNode = FALSE
	EndGlobalSection
	GlobalSection(ExtensibilityGlobals) = postSolution
		SolutionGuid = {462F0FBB-4664-4E5E-AAA8-3509580A7852}
	EndGlobalSection
EndGlobal
